// !$*UTF8*$!
{
	archiveVersion = 1;
	classes = {
	};
	objectVersion = 55;
	objects = {

/* Begin PBXBuildFile section */
		E8605490288C4B0800A98189 /* LiveSetSwitcherApp.swift in Sources */ = {isa = PBXBuildFile; fileRef = E860548F288C4B0800A98189 /* LiveSetSwitcherApp.swift */; };
		E8605492288C4B0800A98189 /* ContentView.swift in Sources */ = {isa = PBXBuildFile; fileRef = E8605491288C4B0800A98189 /* ContentView.swift */; };
		E8605494288C4B0F00A98189 /* Assets.xcassets in Resources */ = {isa = PBXBuildFile; fileRef = E8605493288C4B0F00A98189 /* Assets.xcassets */; };
		E8605497288C4B0F00A98189 /* Preview Assets.xcassets in Resources */ = {isa = PBXBuildFile; fileRef = E8605496288C4B0F00A98189 /* Preview Assets.xcassets */; };
		E86054A0288C4E0100A98189 /* MIDIKit in Frameworks */ = {isa = PBXBuildFile; productRef = E860549F288C4E0100A98189 /* MIDIKit */; };
		E86054A2288C5C3700A98189 /* MIDISelectView.swift in Sources */ = {isa = PBXBuildFile; fileRef = E86054A1288C5C3700A98189 /* MIDISelectView.swift */; };
		E86054A4288C5C8500A98189 /* MIDIHelper.swift in Sources */ = {isa = PBXBuildFile; fileRef = E86054A3288C5C8500A98189 /* MIDIHelper.swift */; };
		E86054A6288DBC9D00A98189 /* SetSelectView.swift in Sources */ = {isa = PBXBuildFile; fileRef = E86054A5288DBC9D00A98189 /* SetSelectView.swift */; };
		E86201A92898FA4100D38F7B /* BigNameView.swift in Sources */ = {isa = PBXBuildFile; fileRef = E86201A82898FA4100D38F7B /* BigNameView.swift */; };
		E8A27F7728914ADA00BB8484 /* SetList.swift in Sources */ = {isa = PBXBuildFile; fileRef = E8A27F7628914ADA00BB8484 /* SetList.swift */; };
		E8A9491D289BA3BC00E17B6F /* BigNameView2.swift in Sources */ = {isa = PBXBuildFile; fileRef = E8A9491C289BA3BC00E17B6F /* BigNameView2.swift */; };
		E8F5919A2896EC2A000151A1 /* SwiftCSV in Frameworks */ = {isa = PBXBuildFile; productRef = E8F591992896EC2A000151A1 /* SwiftCSV */; };
/* End PBXBuildFile section */

/* Begin PBXFileReference section */
		E860548C288C4B0800A98189 /* Live Set Switcher.app */ = {isa = PBXFileReference; explicitFileType = wrapper.application; includeInIndex = 0; path = "Live Set Switcher.app"; sourceTree = BUILT_PRODUCTS_DIR; };
		E860548F288C4B0800A98189 /* LiveSetSwitcherApp.swift */ = {isa = PBXFileReference; lastKnownFileType = sourcecode.swift; path = LiveSetSwitcherApp.swift; sourceTree = "<group>"; };
		E8605491288C4B0800A98189 /* ContentView.swift */ = {isa = PBXFileReference; lastKnownFileType = sourcecode.swift; path = ContentView.swift; sourceTree = "<group>"; };
		E8605493288C4B0F00A98189 /* Assets.xcassets */ = {isa = PBXFileReference; lastKnownFileType = folder.assetcatalog; path = Assets.xcassets; sourceTree = "<group>"; };
		E8605496288C4B0F00A98189 /* Preview Assets.xcassets */ = {isa = PBXFileReference; lastKnownFileType = folder.assetcatalog; path = "Preview Assets.xcassets"; sourceTree = "<group>"; };
		E8605498288C4B0F00A98189 /* Live_Set_Switcher.entitlements */ = {isa = PBXFileReference; lastKnownFileType = text.plist.entitlements; path = Live_Set_Switcher.entitlements; sourceTree = "<group>"; };
		E86054A1288C5C3700A98189 /* MIDISelectView.swift */ = {isa = PBXFileReference; lastKnownFileType = sourcecode.swift; path = MIDISelectView.swift; sourceTree = "<group>"; };
		E86054A3288C5C8500A98189 /* MIDIHelper.swift */ = {isa = PBXFileReference; lastKnownFileType = sourcecode.swift; path = MIDIHelper.swift; sourceTree = "<group>"; };
		E86054A5288DBC9D00A98189 /* SetSelectView.swift */ = {isa = PBXFileReference; lastKnownFileType = sourcecode.swift; path = SetSelectView.swift; sourceTree = "<group>"; };
		E86201A82898FA4100D38F7B /* BigNameView.swift */ = {isa = PBXFileReference; fileEncoding = 4; lastKnownFileType = sourcecode.swift; path = BigNameView.swift; sourceTree = "<group>"; };
		E8A27F7628914ADA00BB8484 /* SetList.swift */ = {isa = PBXFileReference; lastKnownFileType = sourcecode.swift; path = SetList.swift; sourceTree = "<group>"; };
		E8A9491B289BA2F900E17B6F /* Live-Set-Switcher-Info.plist */ = {isa = PBXFileReference; lastKnownFileType = text.plist; path = "Live-Set-Switcher-Info.plist"; sourceTree = SOURCE_ROOT; };
		E8A9491C289BA3BC00E17B6F /* BigNameView2.swift */ = {isa = PBXFileReference; lastKnownFileType = sourcecode.swift; path = BigNameView2.swift; sourceTree = "<group>"; };
/* End PBXFileReference section */

/* Begin PBXFrameworksBuildPhase section */
		E8605489288C4B0800A98189 /* Frameworks */ = {
			isa = PBXFrameworksBuildPhase;
			buildActionMask = 2147483647;
			files = (
				E86054A0288C4E0100A98189 /* MIDIKit in Frameworks */,
				E8F5919A2896EC2A000151A1 /* SwiftCSV in Frameworks */,
			);
			runOnlyForDeploymentPostprocessing = 0;
		};
/* End PBXFrameworksBuildPhase section */

/* Begin PBXGroup section */
		E8605483288C4B0800A98189 = {
			isa = PBXGroup;
			children = (
				E860548E288C4B0800A98189 /* Live Set Switcher */,
				E860548D288C4B0800A98189 /* Products */,
			);
			sourceTree = "<group>";
		};
		E860548D288C4B0800A98189 /* Products */ = {
			isa = PBXGroup;
			children = (
				E860548C288C4B0800A98189 /* Live Set Switcher.app */,
			);
			name = Products;
			sourceTree = "<group>";
		};
		E860548E288C4B0800A98189 /* Live Set Switcher */ = {
			isa = PBXGroup;
			children = (
				E8A9491B289BA2F900E17B6F /* Live-Set-Switcher-Info.plist */,
				E860548F288C4B0800A98189 /* LiveSetSwitcherApp.swift */,
				E86054A1288C5C3700A98189 /* MIDISelectView.swift */,
				E8605491288C4B0800A98189 /* ContentView.swift */,
				E86054A5288DBC9D00A98189 /* SetSelectView.swift */,
				E86201A82898FA4100D38F7B /* BigNameView.swift */,
				E8A27F7628914ADA00BB8484 /* SetList.swift */,
				E86054A3288C5C8500A98189 /* MIDIHelper.swift */,
				E8605493288C4B0F00A98189 /* Assets.xcassets */,
				E8605498288C4B0F00A98189 /* Live_Set_Switcher.entitlements */,
				E8605495288C4B0F00A98189 /* Preview Content */,
				E8A9491C289BA3BC00E17B6F /* BigNameView2.swift */,
			);
			path = "Live Set Switcher";
			sourceTree = "<group>";
		};
		E8605495288C4B0F00A98189 /* Preview Content */ = {
			isa = PBXGroup;
			children = (
				E8605496288C4B0F00A98189 /* Preview Assets.xcassets */,
			);
			path = "Preview Content";
			sourceTree = "<group>";
		};
/* End PBXGroup section */

/* Begin PBXNativeTarget section */
		E860548B288C4B0800A98189 /* Live Set Switcher */ = {
			isa = PBXNativeTarget;
			buildConfigurationList = E860549B288C4B0F00A98189 /* Build configuration list for PBXNativeTarget "Live Set Switcher" */;
			buildPhases = (
				E8605488288C4B0800A98189 /* Sources */,
				E8605489288C4B0800A98189 /* Frameworks */,
				E860548A288C4B0800A98189 /* Resources */,
			);
			buildRules = (
			);
			dependencies = (
			);
			name = "Live Set Switcher";
			packageProductDependencies = (
				E860549F288C4E0100A98189 /* MIDIKit */,
				E8F591992896EC2A000151A1 /* SwiftCSV */,
			);
			productName = "Live Set Switcher";
			productReference = E860548C288C4B0800A98189 /* Live Set Switcher.app */;
			productType = "com.apple.product-type.application";
		};
/* End PBXNativeTarget section */

/* Begin PBXProject section */
		E8605484288C4B0800A98189 /* Project object */ = {
			isa = PBXProject;
			attributes = {
				BuildIndependentTargetsInParallel = 1;
				LastSwiftUpdateCheck = 1340;
				LastUpgradeCheck = 1340;
				TargetAttributes = {
					E860548B288C4B0800A98189 = {
						CreatedOnToolsVersion = 13.4.1;
					};
				};
			};
			buildConfigurationList = E8605487288C4B0800A98189 /* Build configuration list for PBXProject "Live Set Switcher" */;
			compatibilityVersion = "Xcode 13.0";
			developmentRegion = en;
			hasScannedForEncodings = 0;
			knownRegions = (
				en,
				Base,
			);
			mainGroup = E8605483288C4B0800A98189;
			packageReferences = (
				E860549E288C4E0100A98189 /* XCRemoteSwiftPackageReference "MIDIKit" */,
				E8F591982896EC2A000151A1 /* XCRemoteSwiftPackageReference "SwiftCSV" */,
			);
			productRefGroup = E860548D288C4B0800A98189 /* Products */;
			projectDirPath = "";
			projectRoot = "";
			targets = (
				E860548B288C4B0800A98189 /* Live Set Switcher */,
			);
		};
/* End PBXProject section */

/* Begin PBXResourcesBuildPhase section */
		E860548A288C4B0800A98189 /* Resources */ = {
			isa = PBXResourcesBuildPhase;
			buildActionMask = 2147483647;
			files = (
				E8605497288C4B0F00A98189 /* Preview Assets.xcassets in Resources */,
				E8605494288C4B0F00A98189 /* Assets.xcassets in Resources */,
			);
			runOnlyForDeploymentPostprocessing = 0;
		};
/* End PBXResourcesBuildPhase section */

/* Begin PBXSourcesBuildPhase section */
		E8605488288C4B0800A98189 /* Sources */ = {
			isa = PBXSourcesBuildPhase;
			buildActionMask = 2147483647;
			files = (
				E8605492288C4B0800A98189 /* ContentView.swift in Sources */,
				E86054A2288C5C3700A98189 /* MIDISelectView.swift in Sources */,
				E8A27F7728914ADA00BB8484 /* SetList.swift in Sources */,
				E86054A4288C5C8500A98189 /* MIDIHelper.swift in Sources */,
				E8605490288C4B0800A98189 /* LiveSetSwitcherApp.swift in Sources */,
				E8A9491D289BA3BC00E17B6F /* BigNameView2.swift in Sources */,
				E86054A6288DBC9D00A98189 /* SetSelectView.swift in Sources */,
				E86201A92898FA4100D38F7B /* BigNameView.swift in Sources */,
			);
			runOnlyForDeploymentPostprocessing = 0;
		};
/* End PBXSourcesBuildPhase section */

/* Begin XCBuildConfiguration section */
		E8605499288C4B0F00A98189 /* Debug */ = {
			isa = XCBuildConfiguration;
			buildSettings = {
				ALWAYS_SEARCH_USER_PATHS = NO;
				CLANG_ANALYZER_NONNULL = YES;
				CLANG_ANALYZER_NUMBER_OBJECT_CONVERSION = YES_AGGRESSIVE;
				CLANG_CXX_LANGUAGE_STANDARD = "gnu++17";
				CLANG_ENABLE_MODULES = YES;
				CLANG_ENABLE_OBJC_ARC = YES;
				CLANG_ENABLE_OBJC_WEAK = YES;
				CLANG_WARN_BLOCK_CAPTURE_AUTORELEASING = YES;
				CLANG_WARN_BOOL_CONVERSION = YES;
				CLANG_WARN_COMMA = YES;
				CLANG_WARN_CONSTANT_CONVERSION = YES;
				CLANG_WARN_DEPRECATED_OBJC_IMPLEMENTATIONS = YES;
				CLANG_WARN_DIRECT_OBJC_ISA_USAGE = YES_ERROR;
				CLANG_WARN_DOCUMENTATION_COMMENTS = YES;
				CLANG_WARN_EMPTY_BODY = YES;
				CLANG_WARN_ENUM_CONVERSION = YES;
				CLANG_WARN_INFINITE_RECURSION = YES;
				CLANG_WARN_INT_CONVERSION = YES;
				CLANG_WARN_NON_LITERAL_NULL_CONVERSION = YES;
				CLANG_WARN_OBJC_IMPLICIT_RETAIN_SELF = YES;
				CLANG_WARN_OBJC_LITERAL_CONVERSION = YES;
				CLANG_WARN_OBJC_ROOT_CLASS = YES_ERROR;
				CLANG_WARN_QUOTED_INCLUDE_IN_FRAMEWORK_HEADER = YES;
				CLANG_WARN_RANGE_LOOP_ANALYSIS = YES;
				CLANG_WARN_STRICT_PROTOTYPES = YES;
				CLANG_WARN_SUSPICIOUS_MOVE = YES;
				CLANG_WARN_UNGUARDED_AVAILABILITY = YES_AGGRESSIVE;
				CLANG_WARN_UNREACHABLE_CODE = YES;
				CLANG_WARN__DUPLICATE_METHOD_MATCH = YES;
				COPY_PHASE_STRIP = NO;
				DEBUG_INFORMATION_FORMAT = dwarf;
				ENABLE_STRICT_OBJC_MSGSEND = YES;
				ENABLE_TESTABILITY = YES;
				GCC_C_LANGUAGE_STANDARD = gnu11;
				GCC_DYNAMIC_NO_PIC = NO;
				GCC_NO_COMMON_BLOCKS = YES;
				GCC_OPTIMIZATION_LEVEL = 0;
				GCC_PREPROCESSOR_DEFINITIONS = (
					"DEBUG=1",
					"$(inherited)",
				);
				GCC_WARN_64_TO_32_BIT_CONVERSION = YES;
				GCC_WARN_ABOUT_RETURN_TYPE = YES_ERROR;
				GCC_WARN_UNDECLARED_SELECTOR = YES;
				GCC_WARN_UNINITIALIZED_AUTOS = YES_AGGRESSIVE;
				GCC_WARN_UNUSED_FUNCTION = YES;
				GCC_WARN_UNUSED_VARIABLE = YES;
				MACOSX_DEPLOYMENT_TARGET = 12.3;
				MTL_ENABLE_DEBUG_INFO = INCLUDE_SOURCE;
				MTL_FAST_MATH = YES;
				ONLY_ACTIVE_ARCH = YES;
				SDKROOT = macosx;
				SWIFT_ACTIVE_COMPILATION_CONDITIONS = DEBUG;
				SWIFT_OPTIMIZATION_LEVEL = "-Onone";
			};
			name = Debug;
		};
		E860549A288C4B0F00A98189 /* Release */ = {
			isa = XCBuildConfiguration;
			buildSettings = {
				ALWAYS_SEARCH_USER_PATHS = NO;
				CLANG_ANALYZER_NONNULL = YES;
				CLANG_ANALYZER_NUMBER_OBJECT_CONVERSION = YES_AGGRESSIVE;
				CLANG_CXX_LANGUAGE_STANDARD = "gnu++17";
				CLANG_ENABLE_MODULES = YES;
				CLANG_ENABLE_OBJC_ARC = YES;
				CLANG_ENABLE_OBJC_WEAK = YES;
				CLANG_WARN_BLOCK_CAPTURE_AUTORELEASING = YES;
				CLANG_WARN_BOOL_CONVERSION = YES;
				CLANG_WARN_COMMA = YES;
				CLANG_WARN_CONSTANT_CONVERSION = YES;
				CLANG_WARN_DEPRECATED_OBJC_IMPLEMENTATIONS = YES;
				CLANG_WARN_DIRECT_OBJC_ISA_USAGE = YES_ERROR;
				CLANG_WARN_DOCUMENTATION_COMMENTS = YES;
				CLANG_WARN_EMPTY_BODY = YES;
				CLANG_WARN_ENUM_CONVERSION = YES;
				CLANG_WARN_INFINITE_RECURSION = YES;
				CLANG_WARN_INT_CONVERSION = YES;
				CLANG_WARN_NON_LITERAL_NULL_CONVERSION = YES;
				CLANG_WARN_OBJC_IMPLICIT_RETAIN_SELF = YES;
				CLANG_WARN_OBJC_LITERAL_CONVERSION = YES;
				CLANG_WARN_OBJC_ROOT_CLASS = YES_ERROR;
				CLANG_WARN_QUOTED_INCLUDE_IN_FRAMEWORK_HEADER = YES;
				CLANG_WARN_RANGE_LOOP_ANALYSIS = YES;
				CLANG_WARN_STRICT_PROTOTYPES = YES;
				CLANG_WARN_SUSPICIOUS_MOVE = YES;
				CLANG_WARN_UNGUARDED_AVAILABILITY = YES_AGGRESSIVE;
				CLANG_WARN_UNREACHABLE_CODE = YES;
				CLANG_WARN__DUPLICATE_METHOD_MATCH = YES;
				COPY_PHASE_STRIP = NO;
				DEBUG_INFORMATION_FORMAT = "dwarf-with-dsym";
				ENABLE_NS_ASSERTIONS = NO;
				ENABLE_STRICT_OBJC_MSGSEND = YES;
				GCC_C_LANGUAGE_STANDARD = gnu11;
				GCC_NO_COMMON_BLOCKS = YES;
				GCC_WARN_64_TO_32_BIT_CONVERSION = YES;
				GCC_WARN_ABOUT_RETURN_TYPE = YES_ERROR;
				GCC_WARN_UNDECLARED_SELECTOR = YES;
				GCC_WARN_UNINITIALIZED_AUTOS = YES_AGGRESSIVE;
				GCC_WARN_UNUSED_FUNCTION = YES;
				GCC_WARN_UNUSED_VARIABLE = YES;
				MACOSX_DEPLOYMENT_TARGET = 12.3;
				MTL_ENABLE_DEBUG_INFO = NO;
				MTL_FAST_MATH = YES;
				SDKROOT = macosx;
				SWIFT_COMPILATION_MODE = wholemodule;
				SWIFT_OPTIMIZATION_LEVEL = "-O";
			};
			name = Release;
		};
		E860549C288C4B0F00A98189 /* Debug */ = {
			isa = XCBuildConfiguration;
			buildSettings = {
				ASSETCATALOG_COMPILER_APPICON_NAME = AppIcon;
				ASSETCATALOG_COMPILER_GLOBAL_ACCENT_COLOR_NAME = AccentColor;
				CODE_SIGN_ENTITLEMENTS = "Live Set Switcher/Live_Set_Switcher.entitlements";
				CODE_SIGN_STYLE = Automatic;
				COMBINE_HIDPI_IMAGES = YES;
				CURRENT_PROJECT_VERSION = 1;
				DEVELOPMENT_ASSET_PATHS = "\"Live Set Switcher/Preview Content\"";
				DEVELOPMENT_TEAM = DGW5ASZE5V;
				ENABLE_HARDENED_RUNTIME = YES;
				ENABLE_PREVIEWS = YES;
				GENERATE_INFOPLIST_FILE = YES;
				INFOPLIST_FILE = "Live-Set-Switcher-Info.plist";
				INFOPLIST_KEY_NSHumanReadableCopyright = "";
				LD_RUNPATH_SEARCH_PATHS = (
					"$(inherited)",
					"@executable_path/../Frameworks",
				);
				MARKETING_VERSION = 1.0;
				PRODUCT_BUNDLE_IDENTIFIER = "jpcarrascal.Live-Set-Switcher";
				PRODUCT_NAME = "$(TARGET_NAME)";
				SWIFT_EMIT_LOC_STRINGS = YES;
				SWIFT_VERSION = 5.0;
			};
			name = Debug;
		};
		E860549D288C4B0F00A98189 /* Release */ = {
			isa = XCBuildConfiguration;
			buildSettings = {
				ASSETCATALOG_COMPILER_APPICON_NAME = AppIcon;
				ASSETCATALOG_COMPILER_GLOBAL_ACCENT_COLOR_NAME = AccentColor;
				CODE_SIGN_ENTITLEMENTS = "Live Set Switcher/Live_Set_Switcher.entitlements";
				CODE_SIGN_STYLE = Automatic;
				COMBINE_HIDPI_IMAGES = YES;
				CURRENT_PROJECT_VERSION = 1;
				DEVELOPMENT_ASSET_PATHS = "\"Live Set Switcher/Preview Content\"";
				DEVELOPMENT_TEAM = DGW5ASZE5V;
				ENABLE_HARDENED_RUNTIME = YES;
				ENABLE_PREVIEWS = YES;
				GENERATE_INFOPLIST_FILE = YES;
				INFOPLIST_FILE = "Live-Set-Switcher-Info.plist";
				INFOPLIST_KEY_NSHumanReadableCopyright = "";
				LD_RUNPATH_SEARCH_PATHS = (
					"$(inherited)",
					"@executable_path/../Frameworks",
				);
				MARKETING_VERSION = 1.0;
				PRODUCT_BUNDLE_IDENTIFIER = "jpcarrascal.Live-Set-Switcher";
				PRODUCT_NAME = "$(TARGET_NAME)";
				SWIFT_EMIT_LOC_STRINGS = YES;
				SWIFT_VERSION = 5.0;
			};
			name = Release;
		};
/* End XCBuildConfiguration section */

/* Begin XCConfigurationList section */
		E8605487288C4B0800A98189 /* Build configuration list for PBXProject "Live Set Switcher" */ = {
			isa = XCConfigurationList;
			buildConfigurations = (
				E8605499288C4B0F00A98189 /* Debug */,
				E860549A288C4B0F00A98189 /* Release */,
			);
			defaultConfigurationIsVisible = 0;
			defaultConfigurationName = Release;
		};
		E860549B288C4B0F00A98189 /* Build configuration list for PBXNativeTarget "Live Set Switcher" */ = {
			isa = XCConfigurationList;
			buildConfigurations = (
				E860549C288C4B0F00A98189 /* Debug */,
				E860549D288C4B0F00A98189 /* Release */,
			);
			defaultConfigurationIsVisible = 0;
			defaultConfigurationName = Release;
		};
/* End XCConfigurationList section */

/* Begin XCRemoteSwiftPackageReference section */
		E860549E288C4E0100A98189 /* XCRemoteSwiftPackageReference "MIDIKit" */ = {
			isa = XCRemoteSwiftPackageReference;
			repositoryURL = "https://github.com/orchetect/MIDIKit";
			requirement = {
				kind = upToNextMajorVersion;
				minimumVersion = 0.5.1;
			};
		};
		E8F591982896EC2A000151A1 /* XCRemoteSwiftPackageReference "SwiftCSV" */ = {
			isa = XCRemoteSwiftPackageReference;
			repositoryURL = "https://github.com/swiftcsv/SwiftCSV.git";
			requirement = {
				kind = upToNextMajorVersion;
				minimumVersion = 0.8.0;
			};
		};
/* End XCRemoteSwiftPackageReference section */

/* Begin XCSwiftPackageProductDependency section */
		E860549F288C4E0100A98189 /* MIDIKit */ = {
			isa = XCSwiftPackageProductDependency;
			package = E860549E288C4E0100A98189 /* XCRemoteSwiftPackageReference "MIDIKit" */;
			productName = MIDIKit;
		};
		E8F591992896EC2A000151A1 /* SwiftCSV */ = {
			isa = XCSwiftPackageProductDependency;
			package = E8F591982896EC2A000151A1 /* XCRemoteSwiftPackageReference "SwiftCSV" */;
			productName = SwiftCSV;
		};
/* End XCSwiftPackageProductDependency section */
	};
	rootObject = E8605484288C4B0800A98189 /* Project object */;
}
